{
    "_readme": [
        "This file locks the dependencies of your project to a known state",
        "Read more about it at http://getcomposer.org/doc/01-basic-usage.md#composer-lock-the-lock-file",
        "This file is @generated automatically"
    ],
    "hash": "862210c14f2f13477c799f1d9c1c7a9e",
    "packages": [
        {
            "name": "cebe/markdown",
            "version": "1.0.1",
            "source": {
                "type": "git",
                "url": "https://github.com/cebe/markdown.git",
                "reference": "9d6c36d6623497523ed421a31d940bc1d7435578"
            },
            "dist": {
                "type": "zip",
                "url": "https://api.github.com/repos/cebe/markdown/zipball/9d6c36d6623497523ed421a31d940bc1d7435578",
                "reference": "9d6c36d6623497523ed421a31d940bc1d7435578",
                "shasum": ""
            },
            "require": {
                "lib-pcre": "*",
                "php": ">=5.4.0"
            },
            "require-dev": {
                "cebe/indent": "*",
                "facebook/xhprof": "*@dev",
                "phpunit/phpunit": "3.7.*"
            },
            "bin": [
                "bin/markdown"
            ],
            "type": "library",
            "extra": {
                "branch-alias": {
                    "dev-master": "1.0.x-dev"
                }
            },
            "autoload": {
                "psr-4": {
                    "cebe\\markdown\\": ""
                }
            },
            "notification-url": "https://packagist.org/downloads/",
            "license": [
                "MIT"
            ],
            "authors": [
                {
                    "name": "Carsten Brandt",
                    "email": "mail@cebe.cc",
                    "homepage": "http://cebe.cc/",
                    "role": "Creator"
                }
            ],
            "description": "A super fast, highly extensible markdown parser for PHP",
            "homepage": "https://github.com/cebe/markdown#readme",
            "keywords": [
                "extensible",
                "fast",
                "gfm",
                "markdown",
                "markdown-extra"
            ],
            "time": "2014-10-25 16:16:49"
        },
        {
            "name": "cebe/markdown-latex",
            "version": "1.0.0",
            "source": {
                "type": "git",
                "url": "https://github.com/cebe/markdown-latex.git",
                "reference": "9ba3e0d629aa3a3e61cc159a999209ab54e3ef43"
            },
            "dist": {
                "type": "zip",
                "url": "https://api.github.com/repos/cebe/markdown-latex/zipball/9ba3e0d629aa3a3e61cc159a999209ab54e3ef43",
                "reference": "9ba3e0d629aa3a3e61cc159a999209ab54e3ef43",
                "shasum": ""
            },
            "require": {
                "cebe/markdown": "~1.0.0",
                "mikevanriel/text-to-latex": "~1.0.0",
                "php": ">=5.4.0"
            },
            "require-dev": {
                "phpunit/phpunit": "3.7.*"
            },
            "bin": [
                "bin/markdown-latex"
            ],
            "type": "library",
            "extra": {
                "branch-alias": {
                    "dev-master": "1.0.x-dev"
                }
            },
            "autoload": {
                "psr-4": {
                    "cebe\\markdown\\latex\\": ""
                }
            },
            "notification-url": "https://packagist.org/downloads/",
            "license": [
                "MIT"
            ],
            "authors": [
                {
                    "name": "Carsten Brandt",
                    "email": "mail@cebe.cc",
                    "homepage": "http://cebe.cc/",
                    "role": "Creator"
                }
            ],
            "description": "A super fast highly extensible markdown parser for PHP that converts markdown files into latex",
            "homepage": "https://github.com/cebe/markdown-latex#readme",
            "keywords": [
                "extensible",
                "fast",
                "gfm",
                "latex",
                "markdown",
                "markdown-extra"
            ],
            "time": "2014-10-20 23:24:21"
        },
        {
            "name": "mikevanriel/text-to-latex",
            "version": "1.0.0",
            "source": {
                "type": "git",
                "url": "https://github.com/mvriel/TextToLatex.git",
                "reference": "e654076192d73b829ac549041ac58ab08b7a2436"
            },
            "dist": {
                "type": "zip",
                "url": "https://api.github.com/repos/mvriel/TextToLatex/zipball/e654076192d73b829ac549041ac58ab08b7a2436",
                "reference": "e654076192d73b829ac549041ac58ab08b7a2436",
                "shasum": ""
            },
            "require-dev": {
                "phpunit/phpunit": "~3.7"
            },
            "type": "library",
            "autoload": {
                "psr-0": {
                    "MikeVanRiel": [
                        "src/",
                        "tests/unit/"
                    ]
                }
            },
            "notification-url": "https://packagist.org/downloads/",
            "license": [
                "MIT"
            ],
            "authors": [
                {
                    "name": "Mike van Riel",
                    "email": "me@mikevanriel.com"
                }
            ],
            "description": "A converter class that converts normal ASCII text to valid LaTeX",
            "time": "2013-12-20 21:34:24"
        },
        {
            "name": "symfony/yaml",
            "version": "v2.6.3",
            "target-dir": "Symfony/Component/Yaml",
            "source": {
                "type": "git",
                "url": "https://github.com/symfony/Yaml.git",
                "reference": "82462a90848a52c2533aa6b598b107d68076b018"
            },
            "dist": {
                "type": "zip",
                "url": "https://api.github.com/repos/symfony/Yaml/zipball/82462a90848a52c2533aa6b598b107d68076b018",
                "reference": "82462a90848a52c2533aa6b598b107d68076b018",
                "shasum": ""
            },
            "require": {
                "php": ">=5.3.3"
            },
            "type": "library",
            "extra": {
                "branch-alias": {
                    "dev-master": "2.6-dev"
                }
            },
            "autoload": {
                "psr-0": {
                    "Symfony\\Component\\Yaml\\": ""
                }
            },
            "notification-url": "https://packagist.org/downloads/",
            "license": [
                "MIT"
            ],
            "authors": [
                {
                    "name": "Symfony Community",
                    "homepage": "http://symfony.com/contributors"
                },
                {
                    "name": "Fabien Potencier",
                    "email": "fabien@symfony.com"
                }
            ],
            "description": "Symfony Yaml Component",
            "homepage": "http://symfony.com",
            "time": "2015-01-03 15:33:07"
        }
    ],
    "packages-dev": [],
    "aliases": [],
    "minimum-stability": "stable",
    "stability-flags": [],
    "prefer-stable": false,
    "prefer-lowest": false,
    "platform": [],
    "platform-dev": []
}
